
Microsoft Visual Studio Solution File, Format Version 12.00
# Visual Studio 15
VisualStudioVersion = 15.0.28010.2046
MinimumVisualStudioVersion = 10.0.40219.1
Project("{FAE04EC0-301F-11D3-BF4B-00C04F79EFBC}") = "TestGmapProject01", "TestGmapProject01\TestGmapProject01.csproj", "{8379EBCC-70AD-40AC-9FE5-BFE0B046A4BF}"
EndProject
Project("{FAE04EC0-301F-11D3-BF4B-00C04F79EFBC}") = "ParcelDeliveryCompanyAdminApplication", "TestSQLServerProject01\ParcelDeliveryCompanyAdminApplication.csproj", "{1022C48E-198A-4D76-A289-850715DF7BF9}"
EndProject
Project("{FAE04EC0-301F-11D3-BF4B-00C04F79EFBC}") = "ParcelDeliveryCompany_ClassLibrary1", "ParcelDeliveryCompany_ClassLibrary1\ParcelDeliveryCompany_ClassLibrary1.csproj", "{3C36FE37-13A1-491D-866B-CBF1B64D28B0}"
EndProject
Project("{FAE04EC0-301F-11D3-BF4B-00C04F79EFBC}") = "ParcelDeliveryCompanyEmployeeApplication", "CourierCompanyEmployeeApplication\ParcelDeliveryCompanyEmployeeApplication.csproj", "{AE2B1B26-DD6B-4061-A57E-92FD9E8CFA23}"
EndProject
Project("{54435603-DBB4-11D2-8724-00A0C9A8B90C}") = "ParcelDeliveryCompany_EmployeeApplicationInstaller", "ParcelDeliveryCompanyEmployeeAppInstaller\Setup2.vdproj", "{D0D9F56E-0764-436D-8466-A27F004BA058}"
EndProject
Project("{54435603-DBB4-11D2-8724-00A0C9A8B90C}") = "TestSetup_MapProject", "TestSetup_MapProject\TestSetup_MapProject.vdproj", "{D707FBCB-9E16-45CA-88F9-C95BB730B9B9}"
EndProject
Project("{54435603-DBB4-11D2-8724-00A0C9A8B90C}") = "AdminAppInstaller", "AdminAppInstaller\AdminAppInstaller.vdproj", "{B666D522-9D89-475B-9366-E66C6DB08665}"
EndProject
Global
	GlobalSection(SolutionConfigurationPlatforms) = preSolution
		Debug|Any CPU = Debug|Any CPU
		Release|Any CPU = Release|Any CPU
	EndGlobalSection
	GlobalSection(ProjectConfigurationPlatforms) = postSolution
		{8379EBCC-70AD-40AC-9FE5-BFE0B046A4BF}.Debug|Any CPU.ActiveCfg = Debug|Any CPU
		{8379EBCC-70AD-40AC-9FE5-BFE0B046A4BF}.Debug|Any CPU.Build.0 = Debug|Any CPU
		{8379EBCC-70AD-40AC-9FE5-BFE0B046A4BF}.Release|Any CPU.ActiveCfg = Release|Any CPU
		{8379EBCC-70AD-40AC-9FE5-BFE0B046A4BF}.Release|Any CPU.Build.0 = Release|Any CPU
		{1022C48E-198A-4D76-A289-850715DF7BF9}.Debug|Any CPU.ActiveCfg = Debug|Any CPU
		{1022C48E-198A-4D76-A289-850715DF7BF9}.Debug|Any CPU.Build.0 = Debug|Any CPU
		{1022C48E-198A-4D76-A289-850715DF7BF9}.Release|Any CPU.ActiveCfg = Release|Any CPU
		{1022C48E-198A-4D76-A289-850715DF7BF9}.Release|Any CPU.Build.0 = Release|Any CPU
		{3C36FE37-13A1-491D-866B-CBF1B64D28B0}.Debug|Any CPU.ActiveCfg = Debug|Any CPU
		{3C36FE37-13A1-491D-866B-CBF1B64D28B0}.Debug|Any CPU.Build.0 = Debug|Any CPU
		{3C36FE37-13A1-491D-866B-CBF1B64D28B0}.Release|Any CPU.ActiveCfg = Release|Any CPU
		{3C36FE37-13A1-491D-866B-CBF1B64D28B0}.Release|Any CPU.Build.0 = Release|Any CPU
		{AE2B1B26-DD6B-4061-A57E-92FD9E8CFA23}.Debug|Any CPU.ActiveCfg = Debug|Any CPU
		{AE2B1B26-DD6B-4061-A57E-92FD9E8CFA23}.Debug|Any CPU.Build.0 = Debug|Any CPU
		{AE2B1B26-DD6B-4061-A57E-92FD9E8CFA23}.Release|Any CPU.ActiveCfg = Release|Any CPU
		{AE2B1B26-DD6B-4061-A57E-92FD9E8CFA23}.Release|Any CPU.Build.0 = Release|Any CPU
		{D0D9F56E-0764-436D-8466-A27F004BA058}.Debug|Any CPU.ActiveCfg = Debug
		{D0D9F56E-0764-436D-8466-A27F004BA058}.Release|Any CPU.ActiveCfg = Release
		{D707FBCB-9E16-45CA-88F9-C95BB730B9B9}.Debug|Any CPU.ActiveCfg = Debug
		{D707FBCB-9E16-45CA-88F9-C95BB730B9B9}.Release|Any CPU.ActiveCfg = Release
		{B666D522-9D89-475B-9366-E66C6DB08665}.Debug|Any CPU.ActiveCfg = Debug
		{B666D522-9D89-475B-9366-E66C6DB08665}.Release|Any CPU.ActiveCfg = Release
	EndGlobalSection
	GlobalSection(SolutionProperties) = preSolution
		HideSolutionNode = FALSE
	EndGlobalSection
	GlobalSection(ExtensibilityGlobals) = postSolution
		SolutionGuid = {A7F500E1-7015-4047-8318-C278CC6B35DB}
	EndGlobalSection
EndGlobal
